
Microsoft Visual Studio Solution File, Format Version 12.00
# Visual Studio Version 16
VisualStudioVersion = 16.0.31005.135
MinimumVisualStudioVersion = 10.0.40219.1
Project("{FAE04EC0-301F-11D3-BF4B-00C04F79EFBC}") = "PostfixCalculator", "PostfixCalculator.csproj", "{39FC2435-0D4E-4E45-9D7B-7B3821B07E91}"
EndProject
Global
	GlobalSection(SolutionConfigurationPlatforms) = preSolution
		Debug|Any CPU = Debug|Any CPU
		Release|Any CPU = Release|Any CPU
	EndGlobalSection
	GlobalSection(ProjectConfigurationPlatforms) = postSolution
		{39FC2435-0D4E-4E45-9D7B-7B3821B07E91}.Debug|Any CPU.ActiveCfg = Debug|Any CPU
		{39FC2435-0D4E-4E45-9D7B-7B3821B07E91}.Debug|Any CPU.Build.0 = Debug|Any CPU
		{39FC2435-0D4E-4E45-9D7B-7B3821B07E91}.Release|Any CPU.ActiveCfg = Release|Any CPU
		{39FC2435-0D4E-4E45-9D7B-7B3821B07E91}.Release|Any CPU.Build.0 = Release|Any CPU
	EndGlobalSection
	GlobalSection(SolutionProperties) = preSolution
		HideSolutionNode = FALSE
	EndGlobalSection
	GlobalSection(ExtensibilityGlobals) = postSolution
		SolutionGuid = {E7CBEE22-00CC-4F4B-83FA-C5E06A41FF6F}
	EndGlobalSection
EndGlobal
