
Microsoft Visual Studio Solution File, Format Version 12.00
# Visual Studio Version 16
VisualStudioVersion = 16.0.31005.135
MinimumVisualStudioVersion = 10.0.40219.1
Project("{FAE04EC0-301F-11D3-BF4B-00C04F79EFBC}") = "ParseTree", "ParseTree.csproj", "{6CE8BC24-BF2A-4DFC-A9C6-85AC2A633D21}"
EndProject
Project("{FAE04EC0-301F-11D3-BF4B-00C04F79EFBC}") = "ParseTree.Tests", "..\ParseTree.Tests\ParseTree.Tests.csproj", "{EA1EDE3A-A21B-4149-95DB-D69094617309}"
EndProject
Global
	GlobalSection(SolutionConfigurationPlatforms) = preSolution
		Debug|Any CPU = Debug|Any CPU
		Release|Any CPU = Release|Any CPU
	EndGlobalSection
	GlobalSection(ProjectConfigurationPlatforms) = postSolution
		{6CE8BC24-BF2A-4DFC-A9C6-85AC2A633D21}.Debug|Any CPU.ActiveCfg = Debug|Any CPU
		{6CE8BC24-BF2A-4DFC-A9C6-85AC2A633D21}.Debug|Any CPU.Build.0 = Debug|Any CPU
		{6CE8BC24-BF2A-4DFC-A9C6-85AC2A633D21}.Release|Any CPU.ActiveCfg = Release|Any CPU
		{6CE8BC24-BF2A-4DFC-A9C6-85AC2A633D21}.Release|Any CPU.Build.0 = Release|Any CPU
		{EA1EDE3A-A21B-4149-95DB-D69094617309}.Debug|Any CPU.ActiveCfg = Debug|Any CPU
		{EA1EDE3A-A21B-4149-95DB-D69094617309}.Debug|Any CPU.Build.0 = Debug|Any CPU
		{EA1EDE3A-A21B-4149-95DB-D69094617309}.Release|Any CPU.ActiveCfg = Release|Any CPU
		{EA1EDE3A-A21B-4149-95DB-D69094617309}.Release|Any CPU.Build.0 = Release|Any CPU
	EndGlobalSection
	GlobalSection(SolutionProperties) = preSolution
		HideSolutionNode = FALSE
	EndGlobalSection
	GlobalSection(ExtensibilityGlobals) = postSolution
		SolutionGuid = {E82EA7B0-80CF-4857-BDD3-D173E8940C10}
	EndGlobalSection
EndGlobal
